
Microsoft Visual Studio Solution File, Format Version 12.00
# Visual Studio Version 17
VisualStudioVersion = 17.3.32825.248
MinimumVisualStudioVersion = 10.0.40219.1
Project("{FAE04EC0-301F-11D3-BF4B-00C04F79EFBC}") = "001_bmi", "001_bmi\001_bmi.csproj", "{A66E4687-F901-46D9-8532-9C2507F60438}"
EndProject
Project("{FAE04EC0-301F-11D3-BF4B-00C04F79EFBC}") = "002_bmi", "002_bmi\002_bmi.csproj", "{0A9CE89F-1413-4D3B-BFB0-83F42315E8C3}"
EndProject
Global
	GlobalSection(SolutionConfigurationPlatforms) = preSolution
		Debug|Any CPU = Debug|Any CPU
		Release|Any CPU = Release|Any CPU
	EndGlobalSection
	GlobalSection(ProjectConfigurationPlatforms) = postSolution
		{A66E4687-F901-46D9-8532-9C2507F60438}.Debug|Any CPU.ActiveCfg = Debug|Any CPU
		{A66E4687-F901-46D9-8532-9C2507F60438}.Debug|Any CPU.Build.0 = Debug|Any CPU
		{A66E4687-F901-46D9-8532-9C2507F60438}.Release|Any CPU.ActiveCfg = Release|Any CPU
		{A66E4687-F901-46D9-8532-9C2507F60438}.Release|Any CPU.Build.0 = Release|Any CPU
		{0A9CE89F-1413-4D3B-BFB0-83F42315E8C3}.Debug|Any CPU.ActiveCfg = Debug|Any CPU
		{0A9CE89F-1413-4D3B-BFB0-83F42315E8C3}.Debug|Any CPU.Build.0 = Debug|Any CPU
		{0A9CE89F-1413-4D3B-BFB0-83F42315E8C3}.Release|Any CPU.ActiveCfg = Release|Any CPU
		{0A9CE89F-1413-4D3B-BFB0-83F42315E8C3}.Release|Any CPU.Build.0 = Release|Any CPU
	EndGlobalSection
	GlobalSection(SolutionProperties) = preSolution
		HideSolutionNode = FALSE
	EndGlobalSection
	GlobalSection(ExtensibilityGlobals) = postSolution
		SolutionGuid = {314F5D68-F884-4DA4-B2EC-91C6322EE9C8}
	EndGlobalSection
EndGlobal
